
Microsoft Visual Studio Solution File, Format Version 12.00
# Visual Studio Version 17
VisualStudioVersion = 17.12.35707.178
MinimumVisualStudioVersion = 10.0.40219.1
Project("{FAE04EC0-301F-11D3-BF4B-00C04F79EFBC}") = "Advent24_1", "Advent24_1\Advent24_1.csproj", "{B72A9364-A4B2-481A-A7E9-267EC79CCD9E}"
EndProject
Project("{FAE04EC0-301F-11D3-BF4B-00C04F79EFBC}") = "Advent24_2", "Advent24_2\Advent24_2.csproj", "{F1153818-D37F-4D1E-927A-BF5A1C93E960}"
EndProject
Project("{FAE04EC0-301F-11D3-BF4B-00C04F79EFBC}") = "Advent24_3", "Advent24_3\Advent24_3.csproj", "{278E81CE-6A97-4A87-8B1D-65ABCC3517B5}"
EndProject
Project("{FAE04EC0-301F-11D3-BF4B-00C04F79EFBC}") = "Advent24_4", "Advent24_4\Advent24_4.csproj", "{1251E368-15ED-40AF-8612-75C939200EE2}"
EndProject
Global
	GlobalSection(SolutionConfigurationPlatforms) = preSolution
		Debug|Any CPU = Debug|Any CPU
		Release|Any CPU = Release|Any CPU
	EndGlobalSection
	GlobalSection(ProjectConfigurationPlatforms) = postSolution
		{B72A9364-A4B2-481A-A7E9-267EC79CCD9E}.Debug|Any CPU.ActiveCfg = Debug|Any CPU
		{B72A9364-A4B2-481A-A7E9-267EC79CCD9E}.Debug|Any CPU.Build.0 = Debug|Any CPU
		{B72A9364-A4B2-481A-A7E9-267EC79CCD9E}.Release|Any CPU.ActiveCfg = Release|Any CPU
		{B72A9364-A4B2-481A-A7E9-267EC79CCD9E}.Release|Any CPU.Build.0 = Release|Any CPU
		{F1153818-D37F-4D1E-927A-BF5A1C93E960}.Debug|Any CPU.ActiveCfg = Debug|Any CPU
		{F1153818-D37F-4D1E-927A-BF5A1C93E960}.Debug|Any CPU.Build.0 = Debug|Any CPU
		{F1153818-D37F-4D1E-927A-BF5A1C93E960}.Release|Any CPU.ActiveCfg = Release|Any CPU
		{F1153818-D37F-4D1E-927A-BF5A1C93E960}.Release|Any CPU.Build.0 = Release|Any CPU
		{278E81CE-6A97-4A87-8B1D-65ABCC3517B5}.Debug|Any CPU.ActiveCfg = Debug|Any CPU
		{278E81CE-6A97-4A87-8B1D-65ABCC3517B5}.Debug|Any CPU.Build.0 = Debug|Any CPU
		{278E81CE-6A97-4A87-8B1D-65ABCC3517B5}.Release|Any CPU.ActiveCfg = Release|Any CPU
		{278E81CE-6A97-4A87-8B1D-65ABCC3517B5}.Release|Any CPU.Build.0 = Release|Any CPU
		{1251E368-15ED-40AF-8612-75C939200EE2}.Debug|Any CPU.ActiveCfg = Debug|Any CPU
		{1251E368-15ED-40AF-8612-75C939200EE2}.Debug|Any CPU.Build.0 = Debug|Any CPU
		{1251E368-15ED-40AF-8612-75C939200EE2}.Release|Any CPU.ActiveCfg = Release|Any CPU
		{1251E368-15ED-40AF-8612-75C939200EE2}.Release|Any CPU.Build.0 = Release|Any CPU
	EndGlobalSection
	GlobalSection(SolutionProperties) = preSolution
		HideSolutionNode = FALSE
	EndGlobalSection
EndGlobal
